[[package]]
name = "certifi"
version = "2018.4.16"
description = "Python package for providing Mozilla's CA Bundle."
category = "main"
optional = false
python-versions = "*"

[[package]]
name = "chardet"
version = "3.0.4"
description = "Universal encoding detector for Python 2 and 3"
category = "main"
optional = false
python-versions = "*"

[[package]]
name = "django"
version = "2.2.27"
description = "A high-level Python Web framework that encourages rapid development and clean, pragmatic design."
category = "main"
optional = false
python-versions = ">=3.5"

[package.dependencies]
pytz = "*"
sqlparse = ">=0.2.2"

[package.extras]
argon2 = ["argon2-cffi (>=16.1.0)"]
bcrypt = ["bcrypt"]

[[package]]
name = "django-rest-framework"
version = "0.1.0"
description = "alias."
category = "main"
optional = false
python-versions = "*"

[package.dependencies]
djangorestframework = "*"

[[package]]
name = "djangorestframework"
version = "3.10.3"
description = "Web APIs for Django, made easy."
category = "main"
optional = false
python-versions = ">=3.5"

[[package]]
name = "ecdsa"
version = "0.13"
description = "ECDSA cryptographic signature library (pure python)"
category = "main"
optional = false
python-versions = "*"

[[package]]
name = "enum34"
version = "1.1.10"
description = "Python 3.4 Enum backported to 3.3, 3.2, 3.1, 2.7, 2.6, 2.5, and 2.4"
category = "main"
optional = false
python-versions = "*"

[[package]]
name = "future"
version = "0.16.0"
description = "Clean single-source support for Python 3 and 2"
category = "main"
optional = false
python-versions = "*"

[[package]]
name = "idna"
version = "2.6"
description = "Internationalized Domain Names in Applications (IDNA)"
category = "main"
optional = false
python-versions = "*"

[[package]]
name = "opentok"
version = "2.6.0"
description = "OpenTok server-side SDK"
category = "main"
optional = false
python-versions = "*"

[package.dependencies]
enum34 = "*"
python-jose = "*"
pytz = "*"
requests = "*"
six = "*"

[[package]]
name = "pyasn1"
version = "0.4.3"
description = "ASN.1 types and codecs"
category = "main"
optional = false
python-versions = "*"

[[package]]
name = "python-jose"
version = "3.0.0"
description = "JOSE implementation in Python"
category = "main"
optional = false
python-versions = "*"

[package.dependencies]
ecdsa = "<1.0"
future = "<1.0"
rsa = "*"
six = "<2.0"

[package.extras]
cryptography = ["cryptography"]
pycrypto = ["pycrypto (>=2.6.0,<2.7.0)"]
pycryptodome = ["pycryptodome (>=3.3.1,<4.0.0)"]

[[package]]
name = "pytz"
version = "2018.4"
description = "World timezone definitions, modern and historical"
category = "main"
optional = false
python-versions = "*"

[[package]]
name = "requests"
version = "2.18.4"
description = "Python HTTP for Humans."
category = "main"
optional = false
python-versions = "*"

[package.dependencies]
certifi = ">=2017.4.17"
chardet = ">=3.0.2,<3.1.0"
idna = ">=2.5,<2.7"
urllib3 = ">=1.21.1,<1.23"

[package.extras]
security = ["cryptography (>=1.3.4)", "idna (>=2.0.0)", "pyOpenSSL (>=0.14)"]
socks = ["PySocks (>=1.5.6,!=1.5.7)", "win-inet-pton"]

[[package]]
name = "rsa"
version = "3.4.2"
description = "Pure-Python RSA implementation"
category = "main"
optional = false
python-versions = "*"

[package.dependencies]
pyasn1 = ">=0.1.3"

[[package]]
name = "six"
version = "1.11.0"
description = "Python 2 and 3 compatibility utilities"
category = "main"
optional = false
python-versions = "*"

[[package]]
name = "sqlparse"
version = "0.3.0"
description = "Non-validating SQL parser"
category = "main"
optional = false
python-versions = ">=2.7, !=3.0.*, !=3.1.*, !=3.2.*, !=3.3.*"

[[package]]
name = "urllib3"
version = "1.22"
description = "HTTP library with thread-safe connection pooling, file post, and more."
category = "main"
optional = false
python-versions = "*"

[package.extras]
secure = ["pyOpenSSL (>=0.14)", "cryptography (>=1.3.4)", "idna (>=2.0.0)", "certifi", "ipaddress"]
socks = ["PySocks (>=1.5.6,!=1.5.7,<2.0)"]

[metadata]
lock-version = "1.1"
python-versions = "^3.9"
content-hash = "cb4c5b3619b5f702ff3edf25b6a4edd3cccbdf2af75d6cab0f5406fb1280f959"

[metadata.files]
certifi = [
    {file = "certifi-2018.4.16-py2.py3-none-any.whl", hash = "sha256:9fa520c1bacfb634fa7af20a76bcbd3d5fb390481724c597da32c719a7dca4b0"},
    {file = "certifi-2018.4.16.tar.gz", hash = "sha256:13e698f54293db9f89122b0581843a782ad0934a4fe0172d2a980ba77fc61bb7"},
]
chardet = [
    {file = "chardet-3.0.4-py2.py3-none-any.whl", hash = "sha256:fc323ffcaeaed0e0a02bf4d117757b98aed530d9ed4531e3e15460124c106691"},
    {file = "chardet-3.0.4.tar.gz", hash = "sha256:84ab92ed1c4d4f16916e05906b6b75a6c0fb5db821cc65e70cbd64a3e2a5eaae"},
]
django = [
    {file = "Django-2.2.27-py3-none-any.whl", hash = "sha256:90763c764738586b11d7e1f44828032c153366e43ad7f782908193a1bb2d6d92"},
    {file = "Django-2.2.27.tar.gz", hash = "sha256:1ee37046b0bf2b61e83b3a01d067323516ec3b6f2b17cd49b1326dd4ba9dc913"},
]
django-rest-framework = [
    {file = "django-rest-framework-0.1.0.tar.gz", hash = "sha256:47a8f496fa69e3b6bd79f68dd7a1527d907d6b77f009e9db7cf9bb21cc565e4a"},
]
djangorestframework = [
    {file = "djangorestframework-3.10.3-py3-none-any.whl", hash = "sha256:5488aed8f8df5ec1d70f04b2114abc52ae6729748a176c453313834a9ee179c8"},
    {file = "djangorestframework-3.10.3.tar.gz", hash = "sha256:dc81cbf9775c6898a580f6f1f387c4777d12bd87abf0f5406018d32ccae71090"},
]
ecdsa = [
    {file = "ecdsa-0.13-py2.py3-none-any.whl", hash = "sha256:40d002cf360d0e035cf2cb985e1308d41aaa087cbfc135b2dc2d844296ea546c"},
    {file = "ecdsa-0.13.tar.gz", hash = "sha256:64cf1ee26d1cde3c73c6d7d107f835fed7c6a2904aef9eac223d57ad800c43fa"},
]
enum34 = [
    {file = "enum34-1.1.10-py2-none-any.whl", hash = "sha256:a98a201d6de3f2ab3db284e70a33b0f896fbf35f8086594e8c9e74b909058d53"},
    {file = "enum34-1.1.10-py3-none-any.whl", hash = "sha256:c3858660960c984d6ab0ebad691265180da2b43f07e061c0f8dca9ef3cffd328"},
    {file = "enum34-1.1.10.tar.gz", hash = "sha256:cce6a7477ed816bd2542d03d53db9f0db935dd013b70f336a95c73979289f248"},
]
future = [
    {file = "future-0.16.0.tar.gz", hash = "sha256:e39ced1ab767b5936646cedba8bcce582398233d6a627067d4c6a454c90cfedb"},
]
idna = [
    {file = "idna-2.6-py2.py3-none-any.whl", hash = "sha256:8c7309c718f94b3a625cb648ace320157ad16ff131ae0af362c9f21b80ef6ec4"},
    {file = "idna-2.6.tar.gz", hash = "sha256:2c6a5de3089009e3da7c5dde64a141dbc8551d5b7f6cf4ed7c2568d0cc520a8f"},
]
opentok = [
    {file = "opentok-2.6.0.tar.gz", hash = "sha256:47f12664816af65a0b703f2d8989c2659d9217c64ac1186cd7549810de18559f"},
]
pyasn1 = [
    {file = "pyasn1-0.4.3-py2.4.egg", hash = "sha256:9a15cc13ff6bf5ed29ac936ca941400be050dff19630d6cd1df3fb978ef4c5ad"},
    {file = "pyasn1-0.4.3-py2.5.egg", hash = "sha256:8fb265066eac1d3bb5015c6988981b009ccefd294008ff7973ed5f64335b0f2d"},
    {file = "pyasn1-0.4.3-py2.6.egg", hash = "sha256:ba77f1e8d7d58abc42bfeddd217b545fdab4c1eeb50fd37c2219810ad56303bf"},
    {file = "pyasn1-0.4.3-py2.7.egg", hash = "sha256:3651774ca1c9726307560792877db747ba5e8a844ea1a41feb7670b319800ab3"},
    {file = "pyasn1-0.4.3-py2.py3-none-any.whl", hash = "sha256:a66dcda18dbf6e4663bde70eb30af3fc4fe1acb2d14c4867a861681887a5f9a2"},
    {file = "pyasn1-0.4.3-py3.1.egg", hash = "sha256:9334cb427609d2b1e195bb1e251f99636f817d7e3e1dffa150cb3365188fb992"},
    {file = "pyasn1-0.4.3-py3.2.egg", hash = "sha256:d01fbba900c80b42af5c3fe1a999acf61e27bf0e452e0f1ef4619065e57622da"},
    {file = "pyasn1-0.4.3-py3.3.egg", hash = "sha256:2f57960dc7a2820ea5a1782b872d974b639aa3b448ac6628d1ecc5d0fe3986f2"},
    {file = "pyasn1-0.4.3-py3.4.egg", hash = "sha256:602fda674355b4701acd7741b2be5ac188056594bf1eecf690816d944e52905e"},
    {file = "pyasn1-0.4.3-py3.5.egg", hash = "sha256:cdc8eb2eaafb56de66786afa6809cd9db2df1b3b595dcb25aa5b9dc61189d40a"},
    {file = "pyasn1-0.4.3-py3.6.egg", hash = "sha256:f281bf11fe204f05859225ec2e9da7a7c140b65deccd8a4eb0bc75d0bd6949e0"},
    {file = "pyasn1-0.4.3-py3.7.egg", hash = "sha256:24f21b4fd2dc2b344dee2205fa3930464aa21292216d3d6e39007a2e059e21af"},
    {file = "pyasn1-0.4.3.tar.gz", hash = "sha256:fb81622d8f3509f0026b0683fe90fea27be7284d3826a5f2edf97f69151ab0fc"},
]
python-jose = [
    {file = "python-jose-3.0.0.tar.gz", hash = "sha256:e8255fb3cc524c04f4c790547a6215468f2a32d3a866424175523359e69f3aeb"},
    {file = "python_jose-3.0.0-py2.py3-none-any.whl", hash = "sha256:e06dd2e5e9125da79b519ff2652b8c666d64a5ea228fcd9862e0b29a534ccc53"},
]
pytz = [
    {file = "pytz-2018.4-py2.py3-none-any.whl", hash = "sha256:65ae0c8101309c45772196b21b74c46b2e5d11b6275c45d251b150d5da334555"},
    {file = "pytz-2018.4.tar.gz", hash = "sha256:c06425302f2cf668f1bba7a0a03f3c1d34d4ebeef2c72003da308b3947c7f749"},
]
requests = [
    {file = "requests-2.18.4-py2.py3-none-any.whl", hash = "sha256:6a1b267aa90cac58ac3a765d067950e7dbbf75b1da07e895d1f594193a40a38b"},
    {file = "requests-2.18.4.tar.gz", hash = "sha256:9c443e7324ba5b85070c4a818ade28bfabedf16ea10206da1132edaa6dda237e"},
]
rsa = [
    {file = "rsa-3.4.2-py2.py3-none-any.whl", hash = "sha256:43f682fea81c452c98d09fc316aae12de6d30c4b5c84226642cf8f8fd1c93abd"},
    {file = "rsa-3.4.2.tar.gz", hash = "sha256:25df4e10c263fb88b5ace923dd84bf9aa7f5019687b5e55382ffcdb8bede9db5"},
]
six = [
    {file = "six-1.11.0-py2.py3-none-any.whl", hash = "sha256:832dc0e10feb1aa2c68dcc57dbb658f1c7e65b9b61af69048abc87a2db00a0eb"},
    {file = "six-1.11.0.tar.gz", hash = "sha256:70e8a77beed4562e7f14fe23a786b54f6296e34344c23bc42f07b15018ff98e9"},
]
sqlparse = [
    {file = "sqlparse-0.3.0-py2.py3-none-any.whl", hash = "sha256:40afe6b8d4b1117e7dff5504d7a8ce07d9a1b15aeeade8a2d10f130a834f8177"},
    {file = "sqlparse-0.3.0.tar.gz", hash = "sha256:7c3dca29c022744e95b547e867cee89f4fce4373f3549ccd8797d8eb52cdb873"},
]
urllib3 = [
    {file = "urllib3-1.22-py2.py3-none-any.whl", hash = "sha256:06330f386d6e4b195fbfc736b297f58c5a892e4440e54d294d7004e3a9bbea1b"},
    {file = "urllib3-1.22.tar.gz", hash = "sha256:cc44da8e1145637334317feebd728bd869a35285b93cbb4cca2577da7e62db4f"},
]
